
Microsoft Visual Studio Solution File, Format Version 12.00
# Visual Studio Version 16
VisualStudioVersion = 16.0.31112.23
MinimumVisualStudioVersion = 10.0.40219.1
Project("{FAE04EC0-301F-11D3-BF4B-00C04F79EFBC}") = "Mongo.WebAPI", "Mongo.WebAPI\Mongo.WebAPI.csproj", "{8A66268E-148C-417A-B908-5A3E5906E4A8}"
EndProject
Global
	GlobalSection(SolutionConfigurationPlatforms) = preSolution
		Debug|Any CPU = Debug|Any CPU
		Release|Any CPU = Release|Any CPU
	EndGlobalSection
	GlobalSection(ProjectConfigurationPlatforms) = postSolution
		{8A66268E-148C-417A-B908-5A3E5906E4A8}.Debug|Any CPU.ActiveCfg = Debug|Any CPU
		{8A66268E-148C-417A-B908-5A3E5906E4A8}.Debug|Any CPU.Build.0 = Debug|Any CPU
		{8A66268E-148C-417A-B908-5A3E5906E4A8}.Release|Any CPU.ActiveCfg = Release|Any CPU
		{8A66268E-148C-417A-B908-5A3E5906E4A8}.Release|Any CPU.Build.0 = Release|Any CPU
	EndGlobalSection
	GlobalSection(SolutionProperties) = preSolution
		HideSolutionNode = FALSE
	EndGlobalSection
	GlobalSection(ExtensibilityGlobals) = postSolution
		SolutionGuid = {EC97F5E7-2B79-43FF-8BFC-728DA1DA6583}
	EndGlobalSection
EndGlobal
